
Microsoft Visual Studio Solution File, Format Version 12.00
# Visual Studio Version 16
VisualStudioVersion = 16.0.31424.327
MinimumVisualStudioVersion = 10.0.40219.1
Project("{FAE04EC0-301F-11D3-BF4B-00C04F79EFBC}") = "AdivinaQue.Host", "AdivinaQue.Host\AdivinaQue.Host.csproj", "{CCE5F5F4-42AE-4663-8937-5FB18D2E2043}"
EndProject
Project("{FAE04EC0-301F-11D3-BF4B-00C04F79EFBC}") = "HostUnitTests", "HostUnitTests\HostUnitTests.csproj", "{3C98B541-C0BE-4E96-B705-A8F0D018ED57}"
EndProject
Global
	GlobalSection(SolutionConfigurationPlatforms) = preSolution
		Debug|Any CPU = Debug|Any CPU
		Release|Any CPU = Release|Any CPU
	EndGlobalSection
	GlobalSection(ProjectConfigurationPlatforms) = postSolution
		{CCE5F5F4-42AE-4663-8937-5FB18D2E2043}.Debug|Any CPU.ActiveCfg = Debug|Any CPU
		{CCE5F5F4-42AE-4663-8937-5FB18D2E2043}.Debug|Any CPU.Build.0 = Debug|Any CPU
		{CCE5F5F4-42AE-4663-8937-5FB18D2E2043}.Release|Any CPU.ActiveCfg = Release|Any CPU
		{CCE5F5F4-42AE-4663-8937-5FB18D2E2043}.Release|Any CPU.Build.0 = Release|Any CPU
		{3C98B541-C0BE-4E96-B705-A8F0D018ED57}.Debug|Any CPU.ActiveCfg = Debug|Any CPU
		{3C98B541-C0BE-4E96-B705-A8F0D018ED57}.Debug|Any CPU.Build.0 = Debug|Any CPU
		{3C98B541-C0BE-4E96-B705-A8F0D018ED57}.Release|Any CPU.ActiveCfg = Release|Any CPU
		{3C98B541-C0BE-4E96-B705-A8F0D018ED57}.Release|Any CPU.Build.0 = Release|Any CPU
	EndGlobalSection
	GlobalSection(SolutionProperties) = preSolution
		HideSolutionNode = FALSE
	EndGlobalSection
	GlobalSection(ExtensibilityGlobals) = postSolution
		SolutionGuid = {92596795-652A-4939-909A-A9C0421975A9}
	EndGlobalSection
EndGlobal
